# THIS IS AN AUTOGENERATED FILE. DO NOT EDIT THIS FILE DIRECTLY.
# yarn lockfile v1


"@adobe/css-tools@~4.3.1":
  version "4.3.3"
  resolved "https://registry.npmjs.org/@adobe/css-tools/-/css-tools-4.3.3.tgz"

"@asamuzakjp/css-color@^2.8.2":
  version "2.8.3"
  resolved "https://registry.yarnpkg.com/@asamuzakjp/css-color/-/css-color-2.8.3.tgz#665f0f5e8edb95d8f543847529e30fe5cc437ef7"
  dependencies:
    "@csstools/css-calc" "^2.1.1"
    "@csstools/css-color-parser" "^3.0.7"
    "@csstools/css-parser-algorithms" "^3.0.4"
    "@csstools/css-tokenizer" "^3.0.3"
    lru-cache "^10.4.3"

"@csstools/color-helpers@^5.0.1":
  version "5.0.1"
  resolved "https://registry.yarnpkg.com/@csstools/color-helpers/-/color-helpers-5.0.1.tgz#829f1c76f5800b79c51c709e2f36821b728e0e10"

"@csstools/css-calc@^2.1.1":
  version "2.1.1"
  resolved "https://registry.yarnpkg.com/@csstools/css-calc/-/css-calc-2.1.1.tgz#a7dbc66627f5cf458d42aed14bda0d3860562383"

"@csstools/css-color-parser@^3.0.7":
  version "3.0.7"
  resolved "https://registry.yarnpkg.com/@csstools/css-color-parser/-/css-color-parser-3.0.7.tgz#442d61d58e54ad258d52c309a787fceb33906484"
  dependencies:
    "@csstools/color-helpers" "^5.0.1"
    "@csstools/css-calc" "^2.1.1"

"@csstools/css-parser-algorithms@^3.0.4":
  version "3.0.4"
  resolved "https://registry.yarnpkg.com/@csstools/css-parser-algorithms/-/css-parser-algorithms-3.0.4.tgz#74426e93bd1c4dcab3e441f5cc7ba4fb35d94356"

"@csstools/css-tokenizer@^3.0.3":
  version "3.0.3"
  resolved "https://registry.yarnpkg.com/@csstools/css-tokenizer/-/css-tokenizer-3.0.3.tgz#a5502c8539265fecbd873c1e395a890339f119c2"

"@types/trusted-types@^2.0.7":
  version "2.0.7"
  resolved "https://registry.yarnpkg.com/@types/trusted-types/-/trusted-types-2.0.7.tgz#baccb07a970b91707df3a3e8ba6896c57ead2d11"

a-sync-waterfall@^1.0.0:
  version "1.0.1"
  resolved "https://registry.npmjs.org/a-sync-waterfall/-/a-sync-waterfall-1.0.1.tgz"

abbrev@^2.0.0:
  version "2.0.0"
  resolved "https://registry.npmjs.org/abbrev/-/abbrev-2.0.0.tgz"

agent-base@^7.1.0, agent-base@^7.1.2:
  version "7.1.3"
  resolved "https://registry.yarnpkg.com/agent-base/-/agent-base-7.1.3.tgz#29435eb821bc4194633a5b89e5bc4703bafc25a1"

ansi-regex@^5.0.1:
  version "5.0.1"
  resolved "https://registry.npmjs.org/ansi-regex/-/ansi-regex-5.0.1.tgz"

ansi-styles@^4.1.0:
  version "4.3.0"
  resolved "https://registry.npmjs.org/ansi-styles/-/ansi-styles-4.3.0.tgz"
  dependencies:
    color-convert "^2.0.1"

anymatch@~3.1.2:
  version "3.1.3"
  resolved "https://registry.npmjs.org/anymatch/-/anymatch-3.1.3.tgz"
  dependencies:
    normalize-path "^3.0.0"
    picomatch "^2.0.4"

archy@^1.0.0:
  version "1.0.0"
  resolved "https://registry.npmjs.org/archy/-/archy-1.0.0.tgz"

argparse@^2.0.1:
  version "2.0.1"
  resolved "https://registry.npmjs.org/argparse/-/argparse-2.0.1.tgz"

asap@^2.0.3:
  version "2.0.6"
  resolved "https://registry.npmjs.org/asap/-/asap-2.0.6.tgz"

async@^3.2.3:
  version "3.2.6"
  resolved "https://registry.npmjs.org/async/-/async-3.2.6.tgz"

asynckit@^0.4.0:
  version "0.4.0"
  resolved "https://registry.npmjs.org/asynckit/-/asynckit-0.4.0.tgz"

balanced-match@^1.0.0:
  version "1.0.2"
  resolved "https://registry.npmjs.org/balanced-match/-/balanced-match-1.0.2.tgz"

basic-auth@~2.0.1:
  version "2.0.1"
  resolved "https://registry.npmjs.org/basic-auth/-/basic-auth-2.0.1.tgz"
  dependencies:
    safe-buffer "5.1.2"

binary-extensions@^2.0.0:
  version "2.3.0"
  resolved "https://registry.npmjs.org/binary-extensions/-/binary-extensions-2.3.0.tgz"

bluebird@^3.5.5, bluebird@^3.7.2:
  version "3.7.2"
  resolved "https://registry.npmjs.org/bluebird/-/bluebird-3.7.2.tgz"

brace-expansion@^1.1.7:
  version "1.1.11"
  resolved "https://registry.npmjs.org/brace-expansion/-/brace-expansion-1.1.11.tgz"
  dependencies:
    balanced-match "^1.0.0"
    concat-map "0.0.1"

brace-expansion@^2.0.1:
  version "2.0.1"
  resolved "https://registry.npmjs.org/brace-expansion/-/brace-expansion-2.0.1.tgz"
  dependencies:
    balanced-match "^1.0.0"

braces@^3.0.3, braces@~3.0.2:
  version "3.0.3"
  resolved "https://registry.npmjs.org/braces/-/braces-3.0.3.tgz"
  dependencies:
    fill-range "^7.1.1"

bytes@3.1.2:
  version "3.1.2"
  resolved "https://registry.npmjs.org/bytes/-/bytes-3.1.2.tgz"

call-bind-apply-helpers@^1.0.1:
  version "1.0.2"
  resolved "https://registry.npmjs.org/call-bind-apply-helpers/-/call-bind-apply-helpers-1.0.2.tgz"
  dependencies:
    es-errors "^1.3.0"
    function-bind "^1.1.2"

camel-case@^4.1.2:
  version "4.1.2"
  resolved "https://registry.npmjs.org/camel-case/-/camel-case-4.1.2.tgz"
  dependencies:
    pascal-case "^3.1.2"
    tslib "^2.0.3"

chalk@^4.0.2:
  version "4.1.2"
  resolved "https://registry.npmjs.org/chalk/-/chalk-4.1.2.tgz"
  dependencies:
    ansi-styles "^4.1.0"
    supports-color "^7.1.0"

chokidar@^3.5.3:
  version "3.6.0"
  resolved "https://registry.npmjs.org/chokidar/-/chokidar-3.6.0.tgz"
  dependencies:
    anymatch "~3.1.2"
    braces "~3.0.2"
    glob-parent "~5.1.2"
    is-binary-path "~2.1.0"
    is-glob "~4.0.1"
    normalize-path "~3.0.0"
    readdirp "~3.6.0"
  optionalDependencies:
    fsevents "~2.3.2"

color-convert@^2.0.1:
  version "2.0.1"
  resolved "https://registry.npmjs.org/color-convert/-/color-convert-2.0.1.tgz"
  dependencies:
    color-name "~1.1.4"

color-name@~1.1.4:
  version "1.1.4"
  resolved "https://registry.npmjs.org/color-name/-/color-name-1.1.4.tgz"

combined-stream@^1.0.8:
  version "1.0.8"
  resolved "https://registry.npmjs.org/combined-stream/-/combined-stream-1.0.8.tgz"
  dependencies:
    delayed-stream "~1.0.0"

command-exists@^1.2.9:
  version "1.2.9"
  resolved "https://registry.npmjs.org/command-exists/-/command-exists-1.2.9.tgz"

commander@^5.1.0:
  version "5.1.0"
  resolved "https://registry.npmjs.org/commander/-/commander-5.1.0.tgz"

compressible@~2.0.18:
  version "2.0.18"
  resolved "https://registry.npmjs.org/compressible/-/compressible-2.0.18.tgz"
  dependencies:
    mime-db ">= 1.43.0 < 2"

compression@^1.7.4:
  version "1.8.0"
  resolved "https://registry.npmjs.org/compression/-/compression-1.8.0.tgz"
  dependencies:
    bytes "3.1.2"
    compressible "~2.0.18"
    debug "2.6.9"
    negotiator "~0.6.4"
    on-headers "~1.0.2"
    safe-buffer "5.2.1"
    vary "~1.1.2"

concat-map@0.0.1:
  version "0.0.1"
  resolved "https://registry.npmjs.org/concat-map/-/concat-map-0.0.1.tgz"

connect@^3.7.0:
  version "3.7.0"
  resolved "https://registry.npmjs.org/connect/-/connect-3.7.0.tgz"
  dependencies:
    debug "2.6.9"
    finalhandler "1.1.2"
    parseurl "~1.3.3"
    utils-merge "1.0.1"

cross-spawn@^7.0.3:
  version "7.0.6"
  resolved "https://registry.npmjs.org/cross-spawn/-/cross-spawn-7.0.6.tgz"
  dependencies:
    path-key "^3.1.0"
    shebang-command "^2.0.0"
    which "^2.0.1"

cssstyle@^4.1.0:
  version "4.2.1"
  resolved "https://registry.yarnpkg.com/cssstyle/-/cssstyle-4.2.1.tgz#5142782410fea95db66fb68147714a652a7c2381"
  dependencies:
    "@asamuzakjp/css-color" "^2.8.2"
    rrweb-cssom "^0.8.0"

cuid@^2.1.8:
  version "2.1.8"
  resolved "https://registry.npmjs.org/cuid/-/cuid-2.1.8.tgz"

data-urls@^5.0.0:
  version "5.0.0"
  resolved "https://registry.yarnpkg.com/data-urls/-/data-urls-5.0.0.tgz#2f76906bce1824429ffecb6920f45a0b30f00dde"
  dependencies:
    whatwg-mimetype "^4.0.0"
    whatwg-url "^14.0.0"

debug@2.6.9:
  version "2.6.9"
  resolved "https://registry.npmjs.org/debug/-/debug-2.6.9.tgz"
  dependencies:
    ms "2.0.0"

debug@4, debug@^4.3.2, debug@^4.3.4:
  version "4.4.0"
  resolved "https://registry.npmjs.org/debug/-/debug-4.4.0.tgz"
  dependencies:
    ms "^2.1.3"

decimal.js@^10.4.3:
  version "10.5.0"
  resolved "https://registry.yarnpkg.com/decimal.js/-/decimal.js-10.5.0.tgz#0f371c7cf6c4898ce0afb09836db73cd82010f22"

deepmerge@^4.2.2:
  version "4.3.1"
  resolved "https://registry.npmjs.org/deepmerge/-/deepmerge-4.3.1.tgz"

define-lazy-prop@^2.0.0:
  version "2.0.0"
  resolved "https://registry.npmjs.org/define-lazy-prop/-/define-lazy-prop-2.0.0.tgz"

delayed-stream@~1.0.0:
  version "1.0.0"
  resolved "https://registry.npmjs.org/delayed-stream/-/delayed-stream-1.0.0.tgz"

depd@2.0.0, depd@~2.0.0:
  version "2.0.0"
  resolved "https://registry.npmjs.org/depd/-/depd-2.0.0.tgz"

destroy@1.2.0:
  version "1.2.0"
  resolved "https://registry.npmjs.org/destroy/-/destroy-1.2.0.tgz"

dom-serializer@^2.0.0:
  version "2.0.0"
  resolved "https://registry.npmjs.org/dom-serializer/-/dom-serializer-2.0.0.tgz"
  dependencies:
    domelementtype "^2.3.0"
    domhandler "^5.0.2"
    entities "^4.2.0"

domelementtype@^2.3.0:
  version "2.3.0"
  resolved "https://registry.npmjs.org/domelementtype/-/domelementtype-2.3.0.tgz"

domhandler@^5.0.2, domhandler@^5.0.3:
  version "5.0.3"
  resolved "https://registry.npmjs.org/domhandler/-/domhandler-5.0.3.tgz"
  dependencies:
    domelementtype "^2.3.0"

dompurify@^3.0.3:
  version "3.2.4"
  resolved "https://registry.npmjs.org/dompurify/-/dompurify-3.2.4.tgz"
  optionalDependencies:
    "@types/trusted-types" "^2.0.7"

domutils@^3.1.0:
  version "3.2.2"
  resolved "https://registry.npmjs.org/domutils/-/domutils-3.2.2.tgz"
  dependencies:
    dom-serializer "^2.0.0"
    domelementtype "^2.3.0"
    domhandler "^5.0.3"

dunder-proto@^1.0.1:
  version "1.0.1"
  resolved "https://registry.npmjs.org/dunder-proto/-/dunder-proto-1.0.1.tgz"
  dependencies:
    call-bind-apply-helpers "^1.0.1"
    es-errors "^1.3.0"
    gopd "^1.2.0"

ee-first@1.1.1:
  version "1.1.1"
  resolved "https://registry.npmjs.org/ee-first/-/ee-first-1.1.1.tgz"

ejs@^3.1.6:
  version "3.1.10"
  resolved "https://registry.npmjs.org/ejs/-/ejs-3.1.10.tgz"
  dependencies:
    jake "^10.8.5"

encodeurl@~1.0.2:
  version "1.0.2"
  resolved "https://registry.npmjs.org/encodeurl/-/encodeurl-1.0.2.tgz"

encodeurl@~2.0.0:
  version "2.0.0"
  resolved "https://registry.npmjs.org/encodeurl/-/encodeurl-2.0.0.tgz"

entities@^4.2.0, entities@^4.5.0:
  version "4.5.0"
  resolved "https://registry.npmjs.org/entities/-/entities-4.5.0.tgz"

es-define-property@^1.0.1:
  version "1.0.1"
  resolved "https://registry.npmjs.org/es-define-property/-/es-define-property-1.0.1.tgz"

es-errors@^1.3.0:
  version "1.3.0"
  resolved "https://registry.npmjs.org/es-errors/-/es-errors-1.3.0.tgz"

es-object-atoms@^1.0.0:
  version "1.1.1"
  resolved "https://registry.npmjs.org/es-object-atoms/-/es-object-atoms-1.1.1.tgz"
  dependencies:
    es-errors "^1.3.0"

es-set-tostringtag@^2.1.0:
  version "2.1.0"
  resolved "https://registry.npmjs.org/es-set-tostringtag/-/es-set-tostringtag-2.1.0.tgz"
  dependencies:
    es-errors "^1.3.0"
    get-intrinsic "^1.2.6"
    has-tostringtag "^1.0.2"
    hasown "^2.0.2"

escape-html@~1.0.3:
  version "1.0.3"
  resolved "https://registry.npmjs.org/escape-html/-/escape-html-1.0.3.tgz"

esprima@^4.0.1:
  version "4.0.1"
  resolved "https://registry.npmjs.org/esprima/-/esprima-4.0.1.tgz"

etag@~1.8.1:
  version "1.8.1"
  resolved "https://registry.npmjs.org/etag/-/etag-1.8.1.tgz"

fast-equals@^3.0.1:
  version "3.0.3"
  resolved "https://registry.npmjs.org/fast-equals/-/fast-equals-3.0.3.tgz"

filelist@^1.0.4:
  version "1.0.4"
  resolved "https://registry.npmjs.org/filelist/-/filelist-1.0.4.tgz"
  dependencies:
    minimatch "^5.0.1"

fill-range@^7.1.1:
  version "7.1.1"
  resolved "https://registry.npmjs.org/fill-range/-/fill-range-7.1.1.tgz"
  dependencies:
    to-regex-range "^5.0.1"

finalhandler@1.1.2:
  version "1.1.2"
  resolved "https://registry.npmjs.org/finalhandler/-/finalhandler-1.1.2.tgz"
  dependencies:
    debug "2.6.9"
    encodeurl "~1.0.2"
    escape-html "~1.0.3"
    on-finished "~2.3.0"
    parseurl "~1.3.3"
    statuses "~1.5.0"
    unpipe "~1.0.0"

form-data@^4.0.0:
  version "4.0.2"
  resolved "https://registry.npmjs.org/form-data/-/form-data-4.0.2.tgz"
  dependencies:
    asynckit "^0.4.0"
    combined-stream "^1.0.8"
    es-set-tostringtag "^2.1.0"
    mime-types "^2.1.12"

fresh@0.5.2:
  version "0.5.2"
  resolved "https://registry.npmjs.org/fresh/-/fresh-0.5.2.tgz"

fs.realpath@^1.0.0:
  version "1.0.0"
  resolved "https://registry.npmjs.org/fs.realpath/-/fs.realpath-1.0.0.tgz"

fsevents@~2.3.2:
  version "2.3.3"
  resolved "https://registry.yarnpkg.com/fsevents/-/fsevents-2.3.3.tgz#cac6407785d03675a2a5e1a5305c697b347d90d6"

function-bind@^1.1.2:
  version "1.1.2"
  resolved "https://registry.npmjs.org/function-bind/-/function-bind-1.1.2.tgz"

get-intrinsic@^1.2.6:
  version "1.2.7"
  resolved "https://registry.npmjs.org/get-intrinsic/-/get-intrinsic-1.2.7.tgz"
  dependencies:
    call-bind-apply-helpers "^1.0.1"
    es-define-property "^1.0.1"
    es-errors "^1.3.0"
    es-object-atoms "^1.0.0"
    function-bind "^1.1.2"
    get-proto "^1.0.0"
    gopd "^1.2.0"
    has-symbols "^1.1.0"
    hasown "^2.0.2"
    math-intrinsics "^1.1.0"

get-proto@^1.0.0:
  version "1.0.1"
  resolved "https://registry.npmjs.org/get-proto/-/get-proto-1.0.1.tgz"
  dependencies:
    dunder-proto "^1.0.1"
    es-object-atoms "^1.0.0"

glob-parent@~5.1.2:
  version "5.1.2"
  resolved "https://registry.npmjs.org/glob-parent/-/glob-parent-5.1.2.tgz"
  dependencies:
    is-glob "^4.0.1"

glob@^7.1.6:
  version "7.2.3"
  resolved "https://registry.npmjs.org/glob/-/glob-7.2.3.tgz"
  dependencies:
    fs.realpath "^1.0.0"
    inflight "^1.0.4"
    inherits "2"
    minimatch "^3.1.1"
    once "^1.3.0"
    path-is-absolute "^1.0.0"

gopd@^1.2.0:
  version "1.2.0"
  resolved "https://registry.npmjs.org/gopd/-/gopd-1.2.0.tgz"

graceful-fs@^4.2.10:
  version "4.2.11"
  resolved "https://registry.npmjs.org/graceful-fs/-/graceful-fs-4.2.11.tgz"

has-flag@^4.0.0:
  version "4.0.0"
  resolved "https://registry.npmjs.org/has-flag/-/has-flag-4.0.0.tgz"

has-symbols@^1.0.3, has-symbols@^1.1.0:
  version "1.1.0"
  resolved "https://registry.npmjs.org/has-symbols/-/has-symbols-1.1.0.tgz"

has-tostringtag@^1.0.2:
  version "1.0.2"
  resolved "https://registry.npmjs.org/has-tostringtag/-/has-tostringtag-1.0.2.tgz"
  dependencies:
    has-symbols "^1.0.3"

hasown@^2.0.2:
  version "2.0.2"
  resolved "https://registry.npmjs.org/hasown/-/hasown-2.0.2.tgz"
  dependencies:
    function-bind "^1.1.2"

hexo-cli@^4.3.2:
  version "4.3.2"
  resolved "https://registry.npmjs.org/hexo-cli/-/hexo-cli-4.3.2.tgz"
  dependencies:
    abbrev "^2.0.0"
    bluebird "^3.7.2"
    command-exists "^1.2.9"
    hexo-fs "^4.1.1"
    hexo-log "^4.0.1"
    hexo-util "^3.3.0"
    minimist "^1.2.5"
    picocolors "^1.0.0"
    resolve "^1.20.0"
    tildify "^2.0.0"

hexo-front-matter@^4.2.1:
  version "4.2.1"
  resolved "https://registry.npmjs.org/hexo-front-matter/-/hexo-front-matter-4.2.1.tgz"
  dependencies:
    js-yaml "^4.1.0"

hexo-fs@^4.1.1, hexo-fs@^4.1.3:
  version "4.1.3"
  resolved "https://registry.npmjs.org/hexo-fs/-/hexo-fs-4.1.3.tgz"
  dependencies:
    bluebird "^3.7.2"
    chokidar "^3.5.3"
    graceful-fs "^4.2.10"
    hexo-util "^3.0.1"

hexo-generator-archive@^2.0.0:
  version "2.0.0"
  resolved "https://registry.npmjs.org/hexo-generator-archive/-/hexo-generator-archive-2.0.0.tgz"
  dependencies:
    hexo-pagination "3.0.0"

hexo-generator-category@^2.0.0:
  version "2.0.0"
  resolved "https://registry.npmjs.org/hexo-generator-category/-/hexo-generator-category-2.0.0.tgz"
  dependencies:
    hexo-pagination "3.0.0"

hexo-generator-index@^3.0.0:
  version "3.0.0"
  resolved "https://registry.npmjs.org/hexo-generator-index/-/hexo-generator-index-3.0.0.tgz"
  dependencies:
    hexo-pagination "3.0.0"

hexo-generator-tag@^2.0.0:
  version "2.0.0"
  resolved "https://registry.npmjs.org/hexo-generator-tag/-/hexo-generator-tag-2.0.0.tgz"
  dependencies:
    hexo-pagination "3.0.0"

hexo-i18n@^2.0.0:
  version "2.0.0"
  resolved "https://registry.npmjs.org/hexo-i18n/-/hexo-i18n-2.0.0.tgz"
  dependencies:
    sprintf-js "^1.1.2"

hexo-log@^4.0.1:
  version "4.1.0"
  resolved "https://registry.npmjs.org/hexo-log/-/hexo-log-4.1.0.tgz"
  dependencies:
    picocolors "^1.0.0"

hexo-pagination@3.0.0:
  version "3.0.0"
  resolved "https://registry.npmjs.org/hexo-pagination/-/hexo-pagination-3.0.0.tgz"

hexo-renderer-ejs@^2.0.0:
  version "2.0.0"
  resolved "https://registry.npmjs.org/hexo-renderer-ejs/-/hexo-renderer-ejs-2.0.0.tgz"
  dependencies:
    ejs "^3.1.6"

hexo-renderer-marked@^7.0.0:
  version "7.0.0"
  resolved "https://registry.yarnpkg.com/hexo-renderer-marked/-/hexo-renderer-marked-7.0.0.tgz#a23b8d9c699c762090f8650ed65312bab6b35794"
  dependencies:
    dompurify "^3.0.3"
    hexo-util "^3.1.0"
    jsdom "^25.0.1"
    marked "^15.0.4"

hexo-renderer-stylus@^3.0.0:
  version "3.0.1"
  resolved "https://registry.npmjs.org/hexo-renderer-stylus/-/hexo-renderer-stylus-3.0.1.tgz"
  dependencies:
    nib "^1.2.0"
    stylus "^0.62.0"

hexo-server@^3.0.0:
  version "3.0.0"
  resolved "https://registry.npmjs.org/hexo-server/-/hexo-server-3.0.0.tgz"
  dependencies:
    bluebird "^3.5.5"
    compression "^1.7.4"
    connect "^3.7.0"
    mime "^3.0.0"
    morgan "^1.9.1"
    open "^8.0.9"
    picocolors "^1.0.0"
    serve-static "^1.14.1"

hexo-theme-landscape@^1.0.0:
  version "1.1.0"
  resolved "https://registry.npmjs.org/hexo-theme-landscape/-/hexo-theme-landscape-1.1.0.tgz"

hexo-util@^3.0.1, hexo-util@^3.1.0, hexo-util@^3.3.0:
  version "3.3.0"
  resolved "https://registry.npmjs.org/hexo-util/-/hexo-util-3.3.0.tgz"
  dependencies:
    camel-case "^4.1.2"
    cross-spawn "^7.0.3"
    deepmerge "^4.2.2"
    highlight.js "^11.6.0"
    htmlparser2 "^9.0.0"
    prismjs "^1.29.0"
    strip-indent "^3.0.0"

hexo@^7.0.0:
  version "7.3.0"
  resolved "https://registry.npmjs.org/hexo/-/hexo-7.3.0.tgz"
  dependencies:
    abbrev "^2.0.0"
    archy "^1.0.0"
    bluebird "^3.7.2"
    hexo-cli "^4.3.2"
    hexo-front-matter "^4.2.1"
    hexo-fs "^4.1.3"
    hexo-i18n "^2.0.0"
    hexo-log "^4.0.1"
    hexo-util "^3.3.0"
    js-yaml "^4.1.0"
    js-yaml-js-types "^1.0.0"
    micromatch "^4.0.4"
    moize "^6.1.6"
    moment "^2.29.1"
    moment-timezone "^0.5.34"
    nunjucks "^3.2.3"
    picocolors "^1.0.0"
    pretty-hrtime "^1.0.3"
    resolve "^1.22.0"
    strip-ansi "^6.0.0"
    text-table "^0.2.0"
    tildify "^2.0.0"
    titlecase "^1.1.3"
    warehouse "^5.0.1"

highlight.js@^11.6.0:
  version "11.11.1"
  resolved "https://registry.npmjs.org/highlight.js/-/highlight.js-11.11.1.tgz"

html-encoding-sniffer@^4.0.0:
  version "4.0.0"
  resolved "https://registry.yarnpkg.com/html-encoding-sniffer/-/html-encoding-sniffer-4.0.0.tgz#696df529a7cfd82446369dc5193e590a3735b448"
  dependencies:
    whatwg-encoding "^3.1.1"

htmlparser2@^9.0.0:
  version "9.1.0"
  resolved "https://registry.npmjs.org/htmlparser2/-/htmlparser2-9.1.0.tgz"
  dependencies:
    domelementtype "^2.3.0"
    domhandler "^5.0.3"
    domutils "^3.1.0"
    entities "^4.5.0"

http-errors@2.0.0:
  version "2.0.0"
  resolved "https://registry.npmjs.org/http-errors/-/http-errors-2.0.0.tgz"
  dependencies:
    depd "2.0.0"
    inherits "2.0.4"
    setprototypeof "1.2.0"
    statuses "2.0.1"
    toidentifier "1.0.1"

http-proxy-agent@^7.0.2:
  version "7.0.2"
  resolved "https://registry.yarnpkg.com/http-proxy-agent/-/http-proxy-agent-7.0.2.tgz#9a8b1f246866c028509486585f62b8f2c18c270e"
  dependencies:
    agent-base "^7.1.0"
    debug "^4.3.4"

https-proxy-agent@^7.0.5:
  version "7.0.6"
  resolved "https://registry.yarnpkg.com/https-proxy-agent/-/https-proxy-agent-7.0.6.tgz#da8dfeac7da130b05c2ba4b59c9b6cd66611a6b9"
  dependencies:
    agent-base "^7.1.2"
    debug "4"

iconv-lite@0.6.3:
  version "0.6.3"
  resolved "https://registry.npmjs.org/iconv-lite/-/iconv-lite-0.6.3.tgz"
  dependencies:
    safer-buffer ">= 2.1.2 < 3.0.0"

inflight@^1.0.4:
  version "1.0.6"
  resolved "https://registry.npmjs.org/inflight/-/inflight-1.0.6.tgz"
  dependencies:
    once "^1.3.0"
    wrappy "1"

inherits@2, inherits@2.0.4, inherits@^2.0.3:
  version "2.0.4"
  resolved "https://registry.npmjs.org/inherits/-/inherits-2.0.4.tgz"

is-binary-path@~2.1.0:
  version "2.1.0"
  resolved "https://registry.npmjs.org/is-binary-path/-/is-binary-path-2.1.0.tgz"
  dependencies:
    binary-extensions "^2.0.0"

is-core-module@^2.16.0:
  version "2.16.1"
  resolved "https://registry.npmjs.org/is-core-module/-/is-core-module-2.16.1.tgz"
  dependencies:
    hasown "^2.0.2"

is-docker@^2.0.0, is-docker@^2.1.1:
  version "2.2.1"
  resolved "https://registry.npmjs.org/is-docker/-/is-docker-2.2.1.tgz"

is-extglob@^2.1.1:
  version "2.1.1"
  resolved "https://registry.npmjs.org/is-extglob/-/is-extglob-2.1.1.tgz"

is-glob@^4.0.1, is-glob@~4.0.1:
  version "4.0.3"
  resolved "https://registry.npmjs.org/is-glob/-/is-glob-4.0.3.tgz"
  dependencies:
    is-extglob "^2.1.1"

is-number@^7.0.0:
  version "7.0.0"
  resolved "https://registry.npmjs.org/is-number/-/is-number-7.0.0.tgz"

is-plain-object@^5.0.0:
  version "5.0.0"
  resolved "https://registry.npmjs.org/is-plain-object/-/is-plain-object-5.0.0.tgz"

is-potential-custom-element-name@^1.0.1:
  version "1.0.1"
  resolved "https://registry.npmjs.org/is-potential-custom-element-name/-/is-potential-custom-element-name-1.0.1.tgz"

is-wsl@^2.2.0:
  version "2.2.0"
  resolved "https://registry.npmjs.org/is-wsl/-/is-wsl-2.2.0.tgz"
  dependencies:
    is-docker "^2.0.0"

isexe@^2.0.0:
  version "2.0.0"
  resolved "https://registry.npmjs.org/isexe/-/isexe-2.0.0.tgz"

jake@^10.8.5:
  version "10.9.2"
  resolved "https://registry.npmjs.org/jake/-/jake-10.9.2.tgz"
  dependencies:
    async "^3.2.3"
    chalk "^4.0.2"
    filelist "^1.0.4"
    minimatch "^3.1.2"

js-yaml-js-types@^1.0.0:
  version "1.0.1"
  resolved "https://registry.npmjs.org/js-yaml-js-types/-/js-yaml-js-types-1.0.1.tgz"
  dependencies:
    esprima "^4.0.1"

js-yaml@^4.1.0:
  version "4.1.0"
  resolved "https://registry.npmjs.org/js-yaml/-/js-yaml-4.1.0.tgz"
  dependencies:
    argparse "^2.0.1"

jsdom@^25.0.1:
  version "25.0.1"
  resolved "https://registry.yarnpkg.com/jsdom/-/jsdom-25.0.1.tgz#536ec685c288fc8a5773a65f82d8b44badcc73ef"
  dependencies:
    cssstyle "^4.1.0"
    data-urls "^5.0.0"
    decimal.js "^10.4.3"
    form-data "^4.0.0"
    html-encoding-sniffer "^4.0.0"
    http-proxy-agent "^7.0.2"
    https-proxy-agent "^7.0.5"
    is-potential-custom-element-name "^1.0.1"
    nwsapi "^2.2.12"
    parse5 "^7.1.2"
    rrweb-cssom "^0.7.1"
    saxes "^6.0.0"
    symbol-tree "^3.2.4"
    tough-cookie "^5.0.0"
    w3c-xmlserializer "^5.0.0"
    webidl-conversions "^7.0.0"
    whatwg-encoding "^3.1.1"
    whatwg-mimetype "^4.0.0"
    whatwg-url "^14.0.0"
    ws "^8.18.0"
    xml-name-validator "^5.0.0"

jsonparse@^1.3.1:
  version "1.3.1"
  resolved "https://registry.npmjs.org/jsonparse/-/jsonparse-1.3.1.tgz"

lower-case@^2.0.2:
  version "2.0.2"
  resolved "https://registry.npmjs.org/lower-case/-/lower-case-2.0.2.tgz"
  dependencies:
    tslib "^2.0.3"

lru-cache@^10.4.3:
  version "10.4.3"
  resolved "https://registry.yarnpkg.com/lru-cache/-/lru-cache-10.4.3.tgz#410fc8a17b70e598013df257c2446b7f3383f119"

marked@^15.0.4:
  version "15.0.7"
  resolved "https://registry.yarnpkg.com/marked/-/marked-15.0.7.tgz#f67d7e34d202ce087e6b879107b5efb04e743314"

math-intrinsics@^1.1.0:
  version "1.1.0"
  resolved "https://registry.npmjs.org/math-intrinsics/-/math-intrinsics-1.1.0.tgz"

micro-memoize@^4.1.2:
  version "4.1.3"
  resolved "https://registry.npmjs.org/micro-memoize/-/micro-memoize-4.1.3.tgz"

micromatch@^4.0.4:
  version "4.0.8"
  resolved "https://registry.npmjs.org/micromatch/-/micromatch-4.0.8.tgz"
  dependencies:
    braces "^3.0.3"
    picomatch "^2.3.1"

mime-db@1.52.0:
  version "1.52.0"
  resolved "https://registry.npmjs.org/mime-db/-/mime-db-1.52.0.tgz"

"mime-db@>= 1.43.0 < 2":
  version "1.53.0"
  resolved "https://registry.npmjs.org/mime-db/-/mime-db-1.53.0.tgz"

mime-types@^2.1.12:
  version "2.1.35"
  resolved "https://registry.npmjs.org/mime-types/-/mime-types-2.1.35.tgz"
  dependencies:
    mime-db "1.52.0"

mime@1.6.0:
  version "1.6.0"
  resolved "https://registry.npmjs.org/mime/-/mime-1.6.0.tgz"

mime@^3.0.0:
  version "3.0.0"
  resolved "https://registry.npmjs.org/mime/-/mime-3.0.0.tgz"

min-indent@^1.0.0:
  version "1.0.1"
  resolved "https://registry.npmjs.org/min-indent/-/min-indent-1.0.1.tgz"

minimatch@^3.1.1, minimatch@^3.1.2:
  version "3.1.2"
  resolved "https://registry.npmjs.org/minimatch/-/minimatch-3.1.2.tgz"
  dependencies:
    brace-expansion "^1.1.7"

minimatch@^5.0.1:
  version "5.1.6"
  resolved "https://registry.npmjs.org/minimatch/-/minimatch-5.1.6.tgz"
  dependencies:
    brace-expansion "^2.0.1"

minimist@^1.2.5:
  version "1.2.8"
  resolved "https://registry.npmjs.org/minimist/-/minimist-1.2.8.tgz"

moize@^6.1.6:
  version "6.1.6"
  resolved "https://registry.npmjs.org/moize/-/moize-6.1.6.tgz"
  dependencies:
    fast-equals "^3.0.1"
    micro-memoize "^4.1.2"

moment-timezone@^0.5.34:
  version "0.5.47"
  resolved "https://registry.npmjs.org/moment-timezone/-/moment-timezone-0.5.47.tgz"
  dependencies:
    moment "^2.29.4"

moment@^2.29.1, moment@^2.29.4:
  version "2.30.1"
  resolved "https://registry.npmjs.org/moment/-/moment-2.30.1.tgz"

morgan@^1.9.1:
  version "1.10.0"
  resolved "https://registry.npmjs.org/morgan/-/morgan-1.10.0.tgz"
  dependencies:
    basic-auth "~2.0.1"
    debug "2.6.9"
    depd "~2.0.0"
    on-finished "~2.3.0"
    on-headers "~1.0.2"

ms@2.0.0:
  version "2.0.0"
  resolved "https://registry.npmjs.org/ms/-/ms-2.0.0.tgz"

ms@2.1.3, ms@^2.1.3:
  version "2.1.3"
  resolved "https://registry.npmjs.org/ms/-/ms-2.1.3.tgz"

negotiator@~0.6.4:
  version "0.6.4"
  resolved "https://registry.npmjs.org/negotiator/-/negotiator-0.6.4.tgz"

nib@^1.2.0:
  version "1.2.0"
  resolved "https://registry.npmjs.org/nib/-/nib-1.2.0.tgz"

no-case@^3.0.4:
  version "3.0.4"
  resolved "https://registry.npmjs.org/no-case/-/no-case-3.0.4.tgz"
  dependencies:
    lower-case "^2.0.2"
    tslib "^2.0.3"

normalize-path@^3.0.0, normalize-path@~3.0.0:
  version "3.0.0"
  resolved "https://registry.npmjs.org/normalize-path/-/normalize-path-3.0.0.tgz"

nunjucks@^3.2.3:
  version "3.2.4"
  resolved "https://registry.npmjs.org/nunjucks/-/nunjucks-3.2.4.tgz"
  dependencies:
    a-sync-waterfall "^1.0.0"
    asap "^2.0.3"
    commander "^5.1.0"

nwsapi@^2.2.12:
  version "2.2.16"
  resolved "https://registry.yarnpkg.com/nwsapi/-/nwsapi-2.2.16.tgz#177760bba02c351df1d2644e220c31dfec8cdb43"

on-finished@2.4.1:
  version "2.4.1"
  resolved "https://registry.npmjs.org/on-finished/-/on-finished-2.4.1.tgz"
  dependencies:
    ee-first "1.1.1"

on-finished@~2.3.0:
  version "2.3.0"
  resolved "https://registry.npmjs.org/on-finished/-/on-finished-2.3.0.tgz"
  dependencies:
    ee-first "1.1.1"

on-headers@~1.0.2:
  version "1.0.2"
  resolved "https://registry.npmjs.org/on-headers/-/on-headers-1.0.2.tgz"

once@^1.3.0:
  version "1.4.0"
  resolved "https://registry.npmjs.org/once/-/once-1.4.0.tgz"
  dependencies:
    wrappy "1"

open@^8.0.9:
  version "8.4.2"
  resolved "https://registry.npmjs.org/open/-/open-8.4.2.tgz"
  dependencies:
    define-lazy-prop "^2.0.0"
    is-docker "^2.1.1"
    is-wsl "^2.2.0"

parse5@^7.1.2:
  version "7.2.1"
  resolved "https://registry.yarnpkg.com/parse5/-/parse5-7.2.1.tgz#8928f55915e6125f430cc44309765bf17556a33a"
  dependencies:
    entities "^4.5.0"

parseurl@~1.3.3:
  version "1.3.3"
  resolved "https://registry.npmjs.org/parseurl/-/parseurl-1.3.3.tgz"

pascal-case@^3.1.2:
  version "3.1.2"
  resolved "https://registry.npmjs.org/pascal-case/-/pascal-case-3.1.2.tgz"
  dependencies:
    no-case "^3.0.4"
    tslib "^2.0.3"

path-is-absolute@^1.0.0:
  version "1.0.1"
  resolved "https://registry.npmjs.org/path-is-absolute/-/path-is-absolute-1.0.1.tgz"

path-key@^3.1.0:
  version "3.1.1"
  resolved "https://registry.npmjs.org/path-key/-/path-key-3.1.1.tgz"

path-parse@^1.0.7:
  version "1.0.7"
  resolved "https://registry.npmjs.org/path-parse/-/path-parse-1.0.7.tgz"

picocolors@^1.0.0:
  version "1.1.1"
  resolved "https://registry.npmjs.org/picocolors/-/picocolors-1.1.1.tgz"

picomatch@^2.0.4, picomatch@^2.2.1, picomatch@^2.3.1:
  version "2.3.1"
  resolved "https://registry.npmjs.org/picomatch/-/picomatch-2.3.1.tgz"

pretty-hrtime@^1.0.3:
  version "1.0.3"
  resolved "https://registry.npmjs.org/pretty-hrtime/-/pretty-hrtime-1.0.3.tgz"

prismjs@^1.29.0:
  version "1.29.0"
  resolved "https://registry.npmjs.org/prismjs/-/prismjs-1.29.0.tgz"

punycode@^2.3.1:
  version "2.3.1"
  resolved "https://registry.npmjs.org/punycode/-/punycode-2.3.1.tgz"

range-parser@~1.2.1:
  version "1.2.1"
  resolved "https://registry.npmjs.org/range-parser/-/range-parser-1.2.1.tgz"

readable-stream@3:
  version "3.6.2"
  resolved "https://registry.npmjs.org/readable-stream/-/readable-stream-3.6.2.tgz"
  dependencies:
    inherits "^2.0.3"
    string_decoder "^1.1.1"
    util-deprecate "^1.0.1"

readdirp@~3.6.0:
  version "3.6.0"
  resolved "https://registry.npmjs.org/readdirp/-/readdirp-3.6.0.tgz"
  dependencies:
    picomatch "^2.2.1"

resolve@^1.20.0, resolve@^1.22.0:
  version "1.22.10"
  resolved "https://registry.npmjs.org/resolve/-/resolve-1.22.10.tgz"
  dependencies:
    is-core-module "^2.16.0"
    path-parse "^1.0.7"
    supports-preserve-symlinks-flag "^1.0.0"

rfdc@^1.3.0:
  version "1.4.1"
  resolved "https://registry.npmjs.org/rfdc/-/rfdc-1.4.1.tgz"

rrweb-cssom@^0.7.1:
  version "0.7.1"
  resolved "https://registry.yarnpkg.com/rrweb-cssom/-/rrweb-cssom-0.7.1.tgz#c73451a484b86dd7cfb1e0b2898df4b703183e4b"

rrweb-cssom@^0.8.0:
  version "0.8.0"
  resolved "https://registry.yarnpkg.com/rrweb-cssom/-/rrweb-cssom-0.8.0.tgz#3021d1b4352fbf3b614aaeed0bc0d5739abe0bc2"

safe-buffer@5.1.2:
  version "5.1.2"
  resolved "https://registry.npmjs.org/safe-buffer/-/safe-buffer-5.1.2.tgz"

safe-buffer@5.2.1, safe-buffer@~5.2.0:
  version "5.2.1"
  resolved "https://registry.npmjs.org/safe-buffer/-/safe-buffer-5.2.1.tgz"

"safer-buffer@>= 2.1.2 < 3.0.0":
  version "2.1.2"
  resolved "https://registry.npmjs.org/safer-buffer/-/safer-buffer-2.1.2.tgz"

sax@~1.3.0:
  version "1.3.0"
  resolved "https://registry.npmjs.org/sax/-/sax-1.3.0.tgz"

saxes@^6.0.0:
  version "6.0.0"
  resolved "https://registry.npmjs.org/saxes/-/saxes-6.0.0.tgz"
  dependencies:
    xmlchars "^2.2.0"

send@0.19.0:
  version "0.19.0"
  resolved "https://registry.npmjs.org/send/-/send-0.19.0.tgz"
  dependencies:
    debug "2.6.9"
    depd "2.0.0"
    destroy "1.2.0"
    encodeurl "~1.0.2"
    escape-html "~1.0.3"
    etag "~1.8.1"
    fresh "0.5.2"
    http-errors "2.0.0"
    mime "1.6.0"
    ms "2.1.3"
    on-finished "2.4.1"
    range-parser "~1.2.1"
    statuses "2.0.1"

serve-static@^1.14.1:
  version "1.16.2"
  resolved "https://registry.npmjs.org/serve-static/-/serve-static-1.16.2.tgz"
  dependencies:
    encodeurl "~2.0.0"
    escape-html "~1.0.3"
    parseurl "~1.3.3"
    send "0.19.0"

setprototypeof@1.2.0:
  version "1.2.0"
  resolved "https://registry.npmjs.org/setprototypeof/-/setprototypeof-1.2.0.tgz"

shebang-command@^2.0.0:
  version "2.0.0"
  resolved "https://registry.npmjs.org/shebang-command/-/shebang-command-2.0.0.tgz"
  dependencies:
    shebang-regex "^3.0.0"

shebang-regex@^3.0.0:
  version "3.0.0"
  resolved "https://registry.npmjs.org/shebang-regex/-/shebang-regex-3.0.0.tgz"

source-map@^0.7.3:
  version "0.7.4"
  resolved "https://registry.npmjs.org/source-map/-/source-map-0.7.4.tgz"

sprintf-js@^1.1.2:
  version "1.1.3"
  resolved "https://registry.npmjs.org/sprintf-js/-/sprintf-js-1.1.3.tgz"

statuses@2.0.1:
  version "2.0.1"
  resolved "https://registry.npmjs.org/statuses/-/statuses-2.0.1.tgz"

statuses@~1.5.0:
  version "1.5.0"
  resolved "https://registry.npmjs.org/statuses/-/statuses-1.5.0.tgz"

string_decoder@^1.1.1:
  version "1.3.0"
  resolved "https://registry.npmjs.org/string_decoder/-/string_decoder-1.3.0.tgz"
  dependencies:
    safe-buffer "~5.2.0"

strip-ansi@^6.0.0:
  version "6.0.1"
  resolved "https://registry.npmjs.org/strip-ansi/-/strip-ansi-6.0.1.tgz"
  dependencies:
    ansi-regex "^5.0.1"

strip-indent@^3.0.0:
  version "3.0.0"
  resolved "https://registry.npmjs.org/strip-indent/-/strip-indent-3.0.0.tgz"
  dependencies:
    min-indent "^1.0.0"

stylus@^0.62.0:
  version "0.62.0"
  resolved "https://registry.npmjs.org/stylus/-/stylus-0.62.0.tgz"
  dependencies:
    "@adobe/css-tools" "~4.3.1"
    debug "^4.3.2"
    glob "^7.1.6"
    sax "~1.3.0"
    source-map "^0.7.3"

supports-color@^7.1.0:
  version "7.2.0"
  resolved "https://registry.npmjs.org/supports-color/-/supports-color-7.2.0.tgz"
  dependencies:
    has-flag "^4.0.0"

supports-preserve-symlinks-flag@^1.0.0:
  version "1.0.0"
  resolved "https://registry.npmjs.org/supports-preserve-symlinks-flag/-/supports-preserve-symlinks-flag-1.0.0.tgz"

symbol-tree@^3.2.4:
  version "3.2.4"
  resolved "https://registry.npmjs.org/symbol-tree/-/symbol-tree-3.2.4.tgz"

text-table@^0.2.0:
  version "0.2.0"
  resolved "https://registry.npmjs.org/text-table/-/text-table-0.2.0.tgz"

through2@^4.0.2:
  version "4.0.2"
  resolved "https://registry.npmjs.org/through2/-/through2-4.0.2.tgz"
  dependencies:
    readable-stream "3"

tildify@^2.0.0:
  version "2.0.0"
  resolved "https://registry.npmjs.org/tildify/-/tildify-2.0.0.tgz"

titlecase@^1.1.3:
  version "1.1.3"
  resolved "https://registry.npmjs.org/titlecase/-/titlecase-1.1.3.tgz"

tldts-core@^6.1.77:
  version "6.1.77"
  resolved "https://registry.yarnpkg.com/tldts-core/-/tldts-core-6.1.77.tgz#0fa4563163a7a61d72c4b05650fb66fc7e815500"

tldts@^6.1.32:
  version "6.1.77"
  resolved "https://registry.yarnpkg.com/tldts/-/tldts-6.1.77.tgz#714e3d1989e562886f2ed97b65e95a8e9f9e92d9"
  dependencies:
    tldts-core "^6.1.77"

to-regex-range@^5.0.1:
  version "5.0.1"
  resolved "https://registry.npmjs.org/to-regex-range/-/to-regex-range-5.0.1.tgz"
  dependencies:
    is-number "^7.0.0"

toidentifier@1.0.1:
  version "1.0.1"
  resolved "https://registry.npmjs.org/toidentifier/-/toidentifier-1.0.1.tgz"

tough-cookie@^5.0.0:
  version "5.1.1"
  resolved "https://registry.yarnpkg.com/tough-cookie/-/tough-cookie-5.1.1.tgz#4641c1fdbf024927e29c5532edb7b6e5377ea1f2"
  dependencies:
    tldts "^6.1.32"

tr46@^5.0.0:
  version "5.0.0"
  resolved "https://registry.yarnpkg.com/tr46/-/tr46-5.0.0.tgz#3b46d583613ec7283020d79019f1335723801cec"
  dependencies:
    punycode "^2.3.1"

tslib@^2.0.3:
  version "2.8.1"
  resolved "https://registry.npmjs.org/tslib/-/tslib-2.8.1.tgz"

unpipe@~1.0.0:
  version "1.0.0"
  resolved "https://registry.npmjs.org/unpipe/-/unpipe-1.0.0.tgz"

util-deprecate@^1.0.1:
  version "1.0.2"
  resolved "https://registry.npmjs.org/util-deprecate/-/util-deprecate-1.0.2.tgz"

utils-merge@1.0.1:
  version "1.0.1"
  resolved "https://registry.npmjs.org/utils-merge/-/utils-merge-1.0.1.tgz"

vary@~1.1.2:
  version "1.1.2"
  resolved "https://registry.npmjs.org/vary/-/vary-1.1.2.tgz"

w3c-xmlserializer@^5.0.0:
  version "5.0.0"
  resolved "https://registry.yarnpkg.com/w3c-xmlserializer/-/w3c-xmlserializer-5.0.0.tgz#f925ba26855158594d907313cedd1476c5967f6c"
  dependencies:
    xml-name-validator "^5.0.0"

warehouse@^5.0.1:
  version "5.0.1"
  resolved "https://registry.npmjs.org/warehouse/-/warehouse-5.0.1.tgz"
  dependencies:
    bluebird "^3.7.2"
    cuid "^2.1.8"
    graceful-fs "^4.2.10"
    hexo-log "^4.0.1"
    is-plain-object "^5.0.0"
    jsonparse "^1.3.1"
    rfdc "^1.3.0"
    through2 "^4.0.2"

webidl-conversions@^7.0.0:
  version "7.0.0"
  resolved "https://registry.npmjs.org/webidl-conversions/-/webidl-conversions-7.0.0.tgz"

whatwg-encoding@^3.1.1:
  version "3.1.1"
  resolved "https://registry.yarnpkg.com/whatwg-encoding/-/whatwg-encoding-3.1.1.tgz#d0f4ef769905d426e1688f3e34381a99b60b76e5"
  dependencies:
    iconv-lite "0.6.3"

whatwg-mimetype@^4.0.0:
  version "4.0.0"
  resolved "https://registry.yarnpkg.com/whatwg-mimetype/-/whatwg-mimetype-4.0.0.tgz#bc1bf94a985dc50388d54a9258ac405c3ca2fc0a"

whatwg-url@^14.0.0:
  version "14.1.1"
  resolved "https://registry.yarnpkg.com/whatwg-url/-/whatwg-url-14.1.1.tgz#ce71e240c61541315833b5cdafd139a479e47058"
  dependencies:
    tr46 "^5.0.0"
    webidl-conversions "^7.0.0"

which@^2.0.1:
  version "2.0.2"
  resolved "https://registry.npmjs.org/which/-/which-2.0.2.tgz"
  dependencies:
    isexe "^2.0.0"

wrappy@1:
  version "1.0.2"
  resolved "https://registry.npmjs.org/wrappy/-/wrappy-1.0.2.tgz"

ws@^8.18.0:
  version "8.18.0"
  resolved "https://registry.yarnpkg.com/ws/-/ws-8.18.0.tgz#0d7505a6eafe2b0e712d232b42279f53bc289bbc"

xml-name-validator@^5.0.0:
  version "5.0.0"
  resolved "https://registry.yarnpkg.com/xml-name-validator/-/xml-name-validator-5.0.0.tgz#82be9b957f7afdacf961e5980f1bf227c0bf7673"

xmlchars@^2.2.0:
  version "2.2.0"
  resolved "https://registry.npmjs.org/xmlchars/-/xmlchars-2.2.0.tgz"
